
Microsoft Visual Studio Solution File, Format Version 12.00
# Visual Studio Version 17
VisualStudioVersion = 17.1.32421.90
MinimumVisualStudioVersion = 10.0.40219.1
Project("{FAE04EC0-301F-11D3-BF4B-00C04F79EFBC}") = "Building", "Building\Building.csproj", "{5C82C70A-D5B0-47DD-B7B2-CFEAED65BF49}"
EndProject
Global
	GlobalSection(SolutionConfigurationPlatforms) = preSolution
		Debug|Any CPU = Debug|Any CPU
		Release|Any CPU = Release|Any CPU
	EndGlobalSection
	GlobalSection(ProjectConfigurationPlatforms) = postSolution
		{5C82C70A-D5B0-47DD-B7B2-CFEAED65BF49}.Debug|Any CPU.ActiveCfg = Debug|Any CPU
		{5C82C70A-D5B0-47DD-B7B2-CFEAED65BF49}.Debug|Any CPU.Build.0 = Debug|Any CPU
		{5C82C70A-D5B0-47DD-B7B2-CFEAED65BF49}.Release|Any CPU.ActiveCfg = Release|Any CPU
		{5C82C70A-D5B0-47DD-B7B2-CFEAED65BF49}.Release|Any CPU.Build.0 = Release|Any CPU
	EndGlobalSection
	GlobalSection(SolutionProperties) = preSolution
		HideSolutionNode = FALSE
	EndGlobalSection
	GlobalSection(ExtensibilityGlobals) = postSolution
		SolutionGuid = {555293B1-941D-4661-9791-7A33F9D5D2FD}
	EndGlobalSection
EndGlobal
